
Microsoft Visual Studio Solution File, Format Version 12.00
# Visual Studio 14
VisualStudioVersion = 14.0.23107.0
MinimumVisualStudioVersion = 10.0.40219.1
Project("{FAE04EC0-301F-11D3-BF4B-00C04F79EFBC}") = "Arcanoid", "Arcanoid\Arcanoid.csproj", "{DB519ADA-D3FB-4C4B-B53F-03EA669F8FCA}"
EndProject
Global
	GlobalSection(SolutionConfigurationPlatforms) = preSolution
		Debug|Any CPU = Debug|Any CPU
		Release|Any CPU = Release|Any CPU
	EndGlobalSection
	GlobalSection(ProjectConfigurationPlatforms) = postSolution
		{DB519ADA-D3FB-4C4B-B53F-03EA669F8FCA}.Debug|Any CPU.ActiveCfg = Debug|Any CPU
		{DB519ADA-D3FB-4C4B-B53F-03EA669F8FCA}.Debug|Any CPU.Build.0 = Debug|Any CPU
		{DB519ADA-D3FB-4C4B-B53F-03EA669F8FCA}.Release|Any CPU.ActiveCfg = Release|Any CPU
		{DB519ADA-D3FB-4C4B-B53F-03EA669F8FCA}.Release|Any CPU.Build.0 = Release|Any CPU
	EndGlobalSection
	GlobalSection(SolutionProperties) = preSolution
		HideSolutionNode = FALSE
	EndGlobalSection
EndGlobal
